// !$*UTF8*$!
{
	archiveVersion = 1;
	classes = {
	};
	objectVersion = 48;
	objects = {

/* Begin PBXBuildFile section */
		5BC80C071EE21DC100834A91 /* APIClient.swift in Sources */ = {isa = PBXBuildFile; fileRef = 5BC80BD31EE21DC100834A91 /* APIClient.swift */; };
		5BC80C081EE21DC100834A91 /* ClientError.swift in Sources */ = {isa = PBXBuildFile; fileRef = 5BC80BD41EE21DC100834A91 /* ClientError.swift */; };
		5BC80C091EE21DC100834A91 /* DateUtilities.swift in Sources */ = {isa = PBXBuildFile; fileRef = 5BC80BD51EE21DC100834A91 /* DateUtilities.swift */; };
		5BC80C0A1EE21DC100834A91 /* CharacterSet.swift in Sources */ = {isa = PBXBuildFile; fileRef = 5BC80BD71EE21DC100834A91 /* CharacterSet.swift */; };
		5BC80C0B1EE21DC100834A91 /* Data.swift in Sources */ = {isa = PBXBuildFile; fileRef = 5BC80BD81EE21DC100834A91 /* Data.swift */; };
		5BC80C0C1EE21DC100834A91 /* URLComponents.swift in Sources */ = {isa = PBXBuildFile; fileRef = 5BC80BD91EE21DC100834A91 /* URLComponents.swift */; };
		5BC80C0D1EE21DC100834A91 /* URLRequest.swift in Sources */ = {isa = PBXBuildFile; fileRef = 5BC80BDA1EE21DC100834A91 /* URLRequest.swift */; };
		5BC80C0E1EE21DC100834A91 /* Functions.swift in Sources */ = {isa = PBXBuildFile; fileRef = 5BC80BDB1EE21DC100834A91 /* Functions.swift */; };
		5BC80C0F1EE21DC100834A91 /* HTTPMethod.swift in Sources */ = {isa = PBXBuildFile; fileRef = 5BC80BDC1EE21DC100834A91 /* HTTPMethod.swift */; };
		5BC80C101EE21DC100834A91 /* Indirection.swift in Sources */ = {isa = PBXBuildFile; fileRef = 5BC80BDD1EE21DC100834A91 /* Indirection.swift */; };
		5BC80C121EE21DC100834A91 /* MediaAttachment.swift in Sources */ = {isa = PBXBuildFile; fileRef = 5BC80BDF1EE21DC100834A91 /* MediaAttachment.swift */; };
		5BC80C131EE21DC100834A91 /* AccessScope.swift in Sources */ = {isa = PBXBuildFile; fileRef = 5BC80BE11EE21DC100834A91 /* AccessScope.swift */; };
		5BC80C141EE21DC100834A91 /* Account.swift in Sources */ = {isa = PBXBuildFile; fileRef = 5BC80BE21EE21DC100834A91 /* Account.swift */; };
		5BC80C151EE21DC100834A91 /* Annotation.swift in Sources */ = {isa = PBXBuildFile; fileRef = 5BC80BE31EE21DC100834A91 /* Annotation.swift */; };
		5BC80C161EE21DC100834A91 /* Bucket.swift in Sources */ = {isa = PBXBuildFile; fileRef = 5BC80BE41EE21DC100834A91 /* Bucket.swift */; };
		5BC80C171EE21DC100834A91 /* Channel.swift in Sources */ = {isa = PBXBuildFile; fileRef = 5BC80BE51EE21DC100834A91 /* Channel.swift */; };
		5BC80C181EE21DC100834A91 /* Client.swift in Sources */ = {isa = PBXBuildFile; fileRef = 5BC80BE61EE21DC100834A91 /* Client.swift */; };
		5BC80C191EE21DC100834A91 /* Configuration.swift in Sources */ = {isa = PBXBuildFile; fileRef = 5BC80BE71EE21DC100834A91 /* Configuration.swift */; };
		5BC80C1A1EE21DC100834A91 /* Content.swift in Sources */ = {isa = PBXBuildFile; fileRef = 5BC80BE81EE21DC100834A91 /* Content.swift */; };
		5BC80C1B1EE21DC100834A91 /* DeleteResponse.swift in Sources */ = {isa = PBXBuildFile; fileRef = 5BC80BE91EE21DC100834A91 /* DeleteResponse.swift */; };
		5BC80C1C1EE21DC100834A91 /* Empty.swift in Sources */ = {isa = PBXBuildFile; fileRef = 5BC80BEA1EE21DC100834A91 /* Empty.swift */; };
		5BC80C1D1EE21DC100834A91 /* File.swift in Sources */ = {isa = PBXBuildFile; fileRef = 5BC80BEB1EE21DC100834A91 /* File.swift */; };
		5BC80C1E1EE21DC100834A91 /* LoginResponse.swift in Sources */ = {isa = PBXBuildFile; fileRef = 5BC80BEC1EE21DC100834A91 /* LoginResponse.swift */; };
		5BC80C1F1EE21DC100834A91 /* LogoutResponse.swift in Sources */ = {isa = PBXBuildFile; fileRef = 5BC80BED1EE21DC100834A91 /* LogoutResponse.swift */; };
		5BC80C201EE21DC100834A91 /* Marker.swift in Sources */ = {isa = PBXBuildFile; fileRef = 5BC80BEE1EE21DC100834A91 /* Marker.swift */; };
		5BC80C211EE21DC100834A91 /* Mention.swift in Sources */ = {isa = PBXBuildFile; fileRef = 5BC80BEF1EE21DC100834A91 /* Mention.swift */; };
		5BC80C221EE21DC100834A91 /* Pin.swift in Sources */ = {isa = PBXBuildFile; fileRef = 5BC80BF01EE21DC100834A91 /* Pin.swift */; };
		5BC80C231EE21DC100834A91 /* Post.swift in Sources */ = {isa = PBXBuildFile; fileRef = 5BC80BF11EE21DC100834A91 /* Post.swift */; };
		5BC80C241EE21DC100834A91 /* Privacy.swift in Sources */ = {isa = PBXBuildFile; fileRef = 5BC80BF21EE21DC100834A91 /* Privacy.swift */; };
		5BC80C251EE21DC100834A91 /* RequestError.swift in Sources */ = {isa = PBXBuildFile; fileRef = 5BC80BF31EE21DC100834A91 /* RequestError.swift */; };
		5BC80C261EE21DC100834A91 /* Star.swift in Sources */ = {isa = PBXBuildFile; fileRef = 5BC80BF41EE21DC100834A91 /* Star.swift */; };
		5BC80C271EE21DC100834A91 /* StatusResponse.swift in Sources */ = {isa = PBXBuildFile; fileRef = 5BC80BF51EE21DC100834A91 /* StatusResponse.swift */; };
		5BC80C281EE21DC100834A91 /* Tag.swift in Sources */ = {isa = PBXBuildFile; fileRef = 5BC80BF61EE21DC100834A91 /* Tag.swift */; };
		5BC80C291EE21DC100834A91 /* Thread.swift in Sources */ = {isa = PBXBuildFile; fileRef = 5BC80BF71EE21DC100834A91 /* Thread.swift */; };
		5BC80C2A1EE21DC100834A91 /* UploadError.swift in Sources */ = {isa = PBXBuildFile; fileRef = 5BC80BF81EE21DC100834A91 /* UploadError.swift */; };
		5BC80C2B1EE21DC100834A91 /* UploadResponse.swift in Sources */ = {isa = PBXBuildFile; fileRef = 5BC80BF91EE21DC100834A91 /* UploadResponse.swift */; };
		5BC80C2C1EE21DC100834A91 /* Parameter.swift in Sources */ = {isa = PBXBuildFile; fileRef = 5BC80BFA1EE21DC100834A91 /* Parameter.swift */; };
		5BC80C2D1EE21DC100834A91 /* Payload.swift in Sources */ = {isa = PBXBuildFile; fileRef = 5BC80BFB1EE21DC100834A91 /* Payload.swift */; };
		5BC80C2E1EE21DC100834A91 /* Request.swift in Sources */ = {isa = PBXBuildFile; fileRef = 5BC80BFC1EE21DC100834A91 /* Request.swift */; };
		5BC80C2F1EE21DC100834A91 /* RequestParsers.swift in Sources */ = {isa = PBXBuildFile; fileRef = 5BC80BFD1EE21DC100834A91 /* RequestParsers.swift */; };
		5BC80C301EE21DC100834A91 /* RequestRange.swift in Sources */ = {isa = PBXBuildFile; fileRef = 5BC80BFE1EE21DC100834A91 /* RequestRange.swift */; };
		5BC80C311EE21DC100834A91 /* Accounts.swift in Sources */ = {isa = PBXBuildFile; fileRef = 5BC80C001EE21DC100834A91 /* Accounts.swift */; };
		5BC80C321EE21DC100834A91 /* Authentication.swift in Sources */ = {isa = PBXBuildFile; fileRef = 5BC80C011EE21DC100834A91 /* Authentication.swift */; };
		5BC80C331EE21DC100834A91 /* Blurbs.swift in Sources */ = {isa = PBXBuildFile; fileRef = 5BC80C021EE21DC100834A91 /* Blurbs.swift */; };
		5BC80C341EE21DC100834A91 /* Files.swift in Sources */ = {isa = PBXBuildFile; fileRef = 5BC80C031EE21DC100834A91 /* Files.swift */; };
		5BC80C351EE21DC100834A91 /* Posts.swift in Sources */ = {isa = PBXBuildFile; fileRef = 5BC80C041EE21DC100834A91 /* Posts.swift */; };
		5BC80C361EE21DC100834A91 /* Serializable.swift in Sources */ = {isa = PBXBuildFile; fileRef = 5BC80C051EE21DC100834A91 /* Serializable.swift */; };
		5BC80C371EE21DC100834A91 /* URLHelper.swift in Sources */ = {isa = PBXBuildFile; fileRef = 5BC80C061EE21DC100834A91 /* URLHelper.swift */; };
		5BC80C3C1EE21DCB00834A91 /* Info.plist in Resources */ = {isa = PBXBuildFile; fileRef = 5BC80C3A1EE21DCB00834A91 /* Info.plist */; };
		5BC80C3D1EE21DCB00834A91 /* TenCenturiesKitTests.swift in Sources */ = {isa = PBXBuildFile; fileRef = 5BC80C3B1EE21DCB00834A91 /* TenCenturiesKitTests.swift */; };
		5BD692391ED48E9100A323C6 /* TenCenturiesKit.framework in Frameworks */ = {isa = PBXBuildFile; fileRef = 5BD6922F1ED48E9000A323C6 /* TenCenturiesKit.framework */; };
/* End PBXBuildFile section */

/* Begin PBXContainerItemProxy section */
		5BD6923A1ED48E9100A323C6 /* PBXContainerItemProxy */ = {
			isa = PBXContainerItemProxy;
			containerPortal = 5BD692261ED48E9000A323C6 /* Project object */;
			proxyType = 1;
			remoteGlobalIDString = 5BD6922E1ED48E9000A323C6;
			remoteInfo = TenCenturiesKit;
		};
/* End PBXContainerItemProxy section */

/* Begin PBXFileReference section */
		5BC80BCF1EE21D9E00834A91 /* Package.swift */ = {isa = PBXFileReference; fileEncoding = 4; lastKnownFileType = sourcecode.swift; path = Package.swift; sourceTree = "<group>"; };
		5BC80BD31EE21DC100834A91 /* APIClient.swift */ = {isa = PBXFileReference; fileEncoding = 4; lastKnownFileType = sourcecode.swift; path = APIClient.swift; sourceTree = "<group>"; };
		5BC80BD41EE21DC100834A91 /* ClientError.swift */ = {isa = PBXFileReference; fileEncoding = 4; lastKnownFileType = sourcecode.swift; path = ClientError.swift; sourceTree = "<group>"; };
		5BC80BD51EE21DC100834A91 /* DateUtilities.swift */ = {isa = PBXFileReference; fileEncoding = 4; lastKnownFileType = sourcecode.swift; path = DateUtilities.swift; sourceTree = "<group>"; };
		5BC80BD71EE21DC100834A91 /* CharacterSet.swift */ = {isa = PBXFileReference; fileEncoding = 4; lastKnownFileType = sourcecode.swift; path = CharacterSet.swift; sourceTree = "<group>"; };
		5BC80BD81EE21DC100834A91 /* Data.swift */ = {isa = PBXFileReference; fileEncoding = 4; lastKnownFileType = sourcecode.swift; path = Data.swift; sourceTree = "<group>"; };
		5BC80BD91EE21DC100834A91 /* URLComponents.swift */ = {isa = PBXFileReference; fileEncoding = 4; lastKnownFileType = sourcecode.swift; path = URLComponents.swift; sourceTree = "<group>"; };
		5BC80BDA1EE21DC100834A91 /* URLRequest.swift */ = {isa = PBXFileReference; fileEncoding = 4; lastKnownFileType = sourcecode.swift; path = URLRequest.swift; sourceTree = "<group>"; };
		5BC80BDB1EE21DC100834A91 /* Functions.swift */ = {isa = PBXFileReference; fileEncoding = 4; lastKnownFileType = sourcecode.swift; path = Functions.swift; sourceTree = "<group>"; };
		5BC80BDC1EE21DC100834A91 /* HTTPMethod.swift */ = {isa = PBXFileReference; fileEncoding = 4; lastKnownFileType = sourcecode.swift; path = HTTPMethod.swift; sourceTree = "<group>"; };
		5BC80BDD1EE21DC100834A91 /* Indirection.swift */ = {isa = PBXFileReference; fileEncoding = 4; lastKnownFileType = sourcecode.swift; path = Indirection.swift; sourceTree = "<group>"; };
		5BC80BDE1EE21DC100834A91 /* Info.plist */ = {isa = PBXFileReference; fileEncoding = 4; lastKnownFileType = text.plist.xml; path = Info.plist; sourceTree = "<group>"; };
		5BC80BDF1EE21DC100834A91 /* MediaAttachment.swift */ = {isa = PBXFileReference; fileEncoding = 4; lastKnownFileType = sourcecode.swift; path = MediaAttachment.swift; sourceTree = "<group>"; };
		5BC80BE11EE21DC100834A91 /* AccessScope.swift */ = {isa = PBXFileReference; fileEncoding = 4; lastKnownFileType = sourcecode.swift; path = AccessScope.swift; sourceTree = "<group>"; };
		5BC80BE21EE21DC100834A91 /* Account.swift */ = {isa = PBXFileReference; fileEncoding = 4; lastKnownFileType = sourcecode.swift; path = Account.swift; sourceTree = "<group>"; };
		5BC80BE31EE21DC100834A91 /* Annotation.swift */ = {isa = PBXFileReference; fileEncoding = 4; lastKnownFileType = sourcecode.swift; path = Annotation.swift; sourceTree = "<group>"; };
		5BC80BE41EE21DC100834A91 /* Bucket.swift */ = {isa = PBXFileReference; fileEncoding = 4; lastKnownFileType = sourcecode.swift; path = Bucket.swift; sourceTree = "<group>"; };
		5BC80BE51EE21DC100834A91 /* Channel.swift */ = {isa = PBXFileReference; fileEncoding = 4; lastKnownFileType = sourcecode.swift; path = Channel.swift; sourceTree = "<group>"; };
		5BC80BE61EE21DC100834A91 /* Client.swift */ = {isa = PBXFileReference; fileEncoding = 4; lastKnownFileType = sourcecode.swift; path = Client.swift; sourceTree = "<group>"; };
		5BC80BE71EE21DC100834A91 /* Configuration.swift */ = {isa = PBXFileReference; fileEncoding = 4; lastKnownFileType = sourcecode.swift; path = Configuration.swift; sourceTree = "<group>"; };
		5BC80BE81EE21DC100834A91 /* Content.swift */ = {isa = PBXFileReference; fileEncoding = 4; lastKnownFileType = sourcecode.swift; path = Content.swift; sourceTree = "<group>"; };
		5BC80BE91EE21DC100834A91 /* DeleteResponse.swift */ = {isa = PBXFileReference; fileEncoding = 4; lastKnownFileType = sourcecode.swift; path = DeleteResponse.swift; sourceTree = "<group>"; };
		5BC80BEA1EE21DC100834A91 /* Empty.swift */ = {isa = PBXFileReference; fileEncoding = 4; lastKnownFileType = sourcecode.swift; path = Empty.swift; sourceTree = "<group>"; };
		5BC80BEB1EE21DC100834A91 /* File.swift */ = {isa = PBXFileReference; fileEncoding = 4; lastKnownFileType = sourcecode.swift; path = File.swift; sourceTree = "<group>"; };
		5BC80BEC1EE21DC100834A91 /* LoginResponse.swift */ = {isa = PBXFileReference; fileEncoding = 4; lastKnownFileType = sourcecode.swift; path = LoginResponse.swift; sourceTree = "<group>"; };
		5BC80BED1EE21DC100834A91 /* LogoutResponse.swift */ = {isa = PBXFileReference; fileEncoding = 4; lastKnownFileType = sourcecode.swift; path = LogoutResponse.swift; sourceTree = "<group>"; };
		5BC80BEE1EE21DC100834A91 /* Marker.swift */ = {isa = PBXFileReference; fileEncoding = 4; lastKnownFileType = sourcecode.swift; path = Marker.swift; sourceTree = "<group>"; };
		5BC80BEF1EE21DC100834A91 /* Mention.swift */ = {isa = PBXFileReference; fileEncoding = 4; lastKnownFileType = sourcecode.swift; path = Mention.swift; sourceTree = "<group>"; };
		5BC80BF01EE21DC100834A91 /* Pin.swift */ = {isa = PBXFileReference; fileEncoding = 4; lastKnownFileType = sourcecode.swift; path = Pin.swift; sourceTree = "<group>"; };
		5BC80BF11EE21DC100834A91 /* Post.swift */ = {isa = PBXFileReference; fileEncoding = 4; lastKnownFileType = sourcecode.swift; path = Post.swift; sourceTree = "<group>"; };
		5BC80BF21EE21DC100834A91 /* Privacy.swift */ = {isa = PBXFileReference; fileEncoding = 4; lastKnownFileType = sourcecode.swift; path = Privacy.swift; sourceTree = "<group>"; };
		5BC80BF31EE21DC100834A91 /* RequestError.swift */ = {isa = PBXFileReference; fileEncoding = 4; lastKnownFileType = sourcecode.swift; path = RequestError.swift; sourceTree = "<group>"; };
		5BC80BF41EE21DC100834A91 /* Star.swift */ = {isa = PBXFileReference; fileEncoding = 4; lastKnownFileType = sourcecode.swift; path = Star.swift; sourceTree = "<group>"; };
		5BC80BF51EE21DC100834A91 /* StatusResponse.swift */ = {isa = PBXFileReference; fileEncoding = 4; lastKnownFileType = sourcecode.swift; path = StatusResponse.swift; sourceTree = "<group>"; };
		5BC80BF61EE21DC100834A91 /* Tag.swift */ = {isa = PBXFileReference; fileEncoding = 4; lastKnownFileType = sourcecode.swift; path = Tag.swift; sourceTree = "<group>"; };
		5BC80BF71EE21DC100834A91 /* Thread.swift */ = {isa = PBXFileReference; fileEncoding = 4; lastKnownFileType = sourcecode.swift; path = Thread.swift; sourceTree = "<group>"; };
		5BC80BF81EE21DC100834A91 /* UploadError.swift */ = {isa = PBXFileReference; fileEncoding = 4; lastKnownFileType = sourcecode.swift; path = UploadError.swift; sourceTree = "<group>"; };
		5BC80BF91EE21DC100834A91 /* UploadResponse.swift */ = {isa = PBXFileReference; fileEncoding = 4; lastKnownFileType = sourcecode.swift; path = UploadResponse.swift; sourceTree = "<group>"; };
		5BC80BFA1EE21DC100834A91 /* Parameter.swift */ = {isa = PBXFileReference; fileEncoding = 4; lastKnownFileType = sourcecode.swift; path = Parameter.swift; sourceTree = "<group>"; };
		5BC80BFB1EE21DC100834A91 /* Payload.swift */ = {isa = PBXFileReference; fileEncoding = 4; lastKnownFileType = sourcecode.swift; path = Payload.swift; sourceTree = "<group>"; };
		5BC80BFC1EE21DC100834A91 /* Request.swift */ = {isa = PBXFileReference; fileEncoding = 4; lastKnownFileType = sourcecode.swift; path = Request.swift; sourceTree = "<group>"; };
		5BC80BFD1EE21DC100834A91 /* RequestParsers.swift */ = {isa = PBXFileReference; fileEncoding = 4; lastKnownFileType = sourcecode.swift; path = RequestParsers.swift; sourceTree = "<group>"; };
		5BC80BFE1EE21DC100834A91 /* RequestRange.swift */ = {isa = PBXFileReference; fileEncoding = 4; lastKnownFileType = sourcecode.swift; path = RequestRange.swift; sourceTree = "<group>"; };
		5BC80C001EE21DC100834A91 /* Accounts.swift */ = {isa = PBXFileReference; fileEncoding = 4; lastKnownFileType = sourcecode.swift; path = Accounts.swift; sourceTree = "<group>"; };
		5BC80C011EE21DC100834A91 /* Authentication.swift */ = {isa = PBXFileReference; fileEncoding = 4; lastKnownFileType = sourcecode.swift; path = Authentication.swift; sourceTree = "<group>"; };
		5BC80C021EE21DC100834A91 /* Blurbs.swift */ = {isa = PBXFileReference; fileEncoding = 4; lastKnownFileType = sourcecode.swift; path = Blurbs.swift; sourceTree = "<group>"; };
		5BC80C031EE21DC100834A91 /* Files.swift */ = {isa = PBXFileReference; fileEncoding = 4; lastKnownFileType = sourcecode.swift; path = Files.swift; sourceTree = "<group>"; };
		5BC80C041EE21DC100834A91 /* Posts.swift */ = {isa = PBXFileReference; fileEncoding = 4; lastKnownFileType = sourcecode.swift; path = Posts.swift; sourceTree = "<group>"; };
		5BC80C051EE21DC100834A91 /* Serializable.swift */ = {isa = PBXFileReference; fileEncoding = 4; lastKnownFileType = sourcecode.swift; path = Serializable.swift; sourceTree = "<group>"; };
		5BC80C061EE21DC100834A91 /* URLHelper.swift */ = {isa = PBXFileReference; fileEncoding = 4; lastKnownFileType = sourcecode.swift; path = URLHelper.swift; sourceTree = "<group>"; };
		5BC80C3A1EE21DCB00834A91 /* Info.plist */ = {isa = PBXFileReference; fileEncoding = 4; lastKnownFileType = text.plist.xml; path = Info.plist; sourceTree = "<group>"; };
		5BC80C3B1EE21DCB00834A91 /* TenCenturiesKitTests.swift */ = {isa = PBXFileReference; fileEncoding = 4; lastKnownFileType = sourcecode.swift; path = TenCenturiesKitTests.swift; sourceTree = "<group>"; };
		5BD6922F1ED48E9000A323C6 /* TenCenturiesKit.framework */ = {isa = PBXFileReference; explicitFileType = wrapper.framework; includeInIndex = 0; path = TenCenturiesKit.framework; sourceTree = BUILT_PRODUCTS_DIR; };
		5BD692381ED48E9100A323C6 /* TenCenturiesKitTests.xctest */ = {isa = PBXFileReference; explicitFileType = wrapper.cfbundle; includeInIndex = 0; path = TenCenturiesKitTests.xctest; sourceTree = BUILT_PRODUCTS_DIR; };
		5BD692DA1ED49BF800A323C6 /* TenCenturiesKit.xcconfig */ = {isa = PBXFileReference; lastKnownFileType = text.xcconfig; path = TenCenturiesKit.xcconfig; sourceTree = "<group>"; };
		5BFEB2571ED620FF00064A03 /* TenCenturiesKit.podspec */ = {isa = PBXFileReference; lastKnownFileType = text; path = TenCenturiesKit.podspec; sourceTree = "<group>"; };
/* End PBXFileReference section */

/* Begin PBXFrameworksBuildPhase section */
		5BD6922B1ED48E9000A323C6 /* Frameworks */ = {
			isa = PBXFrameworksBuildPhase;
			buildActionMask = 2147483647;
			files = (
			);
			runOnlyForDeploymentPostprocessing = 0;
		};
		5BD692351ED48E9100A323C6 /* Frameworks */ = {
			isa = PBXFrameworksBuildPhase;
			buildActionMask = 2147483647;
			files = (
				5BD692391ED48E9100A323C6 /* TenCenturiesKit.framework in Frameworks */,
			);
			runOnlyForDeploymentPostprocessing = 0;
		};
/* End PBXFrameworksBuildPhase section */

/* Begin PBXGroup section */
		5BC80BD11EE21DC100834A91 /* Sources */ = {
			isa = PBXGroup;
			children = (
				5BC80BD21EE21DC100834A91 /* TenCenturiesKit */,
			);
			path = Sources;
			sourceTree = "<group>";
		};
		5BC80BD21EE21DC100834A91 /* TenCenturiesKit */ = {
			isa = PBXGroup;
			children = (
				5BC80BD31EE21DC100834A91 /* APIClient.swift */,
				5BC80BD41EE21DC100834A91 /* ClientError.swift */,
				5BC80BD51EE21DC100834A91 /* DateUtilities.swift */,
				5BC80BD61EE21DC100834A91 /* Foundation */,
				5BC80BDB1EE21DC100834A91 /* Functions.swift */,
				5BC80BDC1EE21DC100834A91 /* HTTPMethod.swift */,
				5BC80BDD1EE21DC100834A91 /* Indirection.swift */,
				5BC80BDE1EE21DC100834A91 /* Info.plist */,
				5BC80BDF1EE21DC100834A91 /* MediaAttachment.swift */,
				5BC80BE01EE21DC100834A91 /* Models */,
				5BC80BFA1EE21DC100834A91 /* Parameter.swift */,
				5BC80BFB1EE21DC100834A91 /* Payload.swift */,
				5BC80BFC1EE21DC100834A91 /* Request.swift */,
				5BC80BFD1EE21DC100834A91 /* RequestParsers.swift */,
				5BC80BFE1EE21DC100834A91 /* RequestRange.swift */,
				5BC80BFF1EE21DC100834A91 /* Requests */,
				5BC80C051EE21DC100834A91 /* Serializable.swift */,
				5BC80C061EE21DC100834A91 /* URLHelper.swift */,
			);
			path = TenCenturiesKit;
			sourceTree = "<group>";
		};
		5BC80BD61EE21DC100834A91 /* Foundation */ = {
			isa = PBXGroup;
			children = (
				5BC80BD71EE21DC100834A91 /* CharacterSet.swift */,
				5BC80BD81EE21DC100834A91 /* Data.swift */,
				5BC80BD91EE21DC100834A91 /* URLComponents.swift */,
				5BC80BDA1EE21DC100834A91 /* URLRequest.swift */,
			);
			path = Foundation;
			sourceTree = "<group>";
		};
		5BC80BE01EE21DC100834A91 /* Models */ = {
			isa = PBXGroup;
			children = (
				5BC80BE11EE21DC100834A91 /* AccessScope.swift */,
				5BC80BE21EE21DC100834A91 /* Account.swift */,
				5BC80BE31EE21DC100834A91 /* Annotation.swift */,
				5BC80BE41EE21DC100834A91 /* Bucket.swift */,
				5BC80BE51EE21DC100834A91 /* Channel.swift */,
				5BC80BE61EE21DC100834A91 /* Client.swift */,
				5BC80BE71EE21DC100834A91 /* Configuration.swift */,
				5BC80BE81EE21DC100834A91 /* Content.swift */,
				5BC80BE91EE21DC100834A91 /* DeleteResponse.swift */,
				5BC80BEA1EE21DC100834A91 /* Empty.swift */,
				5BC80BEB1EE21DC100834A91 /* File.swift */,
				5BC80BEC1EE21DC100834A91 /* LoginResponse.swift */,
				5BC80BED1EE21DC100834A91 /* LogoutResponse.swift */,
				5BC80BEE1EE21DC100834A91 /* Marker.swift */,
				5BC80BEF1EE21DC100834A91 /* Mention.swift */,
				5BC80BF01EE21DC100834A91 /* Pin.swift */,
				5BC80BF11EE21DC100834A91 /* Post.swift */,
				5BC80BF21EE21DC100834A91 /* Privacy.swift */,
				5BC80BF31EE21DC100834A91 /* RequestError.swift */,
				5BC80BF41EE21DC100834A91 /* Star.swift */,
				5BC80BF51EE21DC100834A91 /* StatusResponse.swift */,
				5BC80BF61EE21DC100834A91 /* Tag.swift */,
				5BC80BF71EE21DC100834A91 /* Thread.swift */,
				5BC80BF81EE21DC100834A91 /* UploadError.swift */,
				5BC80BF91EE21DC100834A91 /* UploadResponse.swift */,
			);
			path = Models;
			sourceTree = "<group>";
		};
		5BC80BFF1EE21DC100834A91 /* Requests */ = {
			isa = PBXGroup;
			children = (
				5BC80C001EE21DC100834A91 /* Accounts.swift */,
				5BC80C011EE21DC100834A91 /* Authentication.swift */,
				5BC80C021EE21DC100834A91 /* Blurbs.swift */,
				5BC80C031EE21DC100834A91 /* Files.swift */,
				5BC80C041EE21DC100834A91 /* Posts.swift */,
			);
			path = Requests;
			sourceTree = "<group>";
		};
		5BC80C381EE21DCB00834A91 /* Tests */ = {
			isa = PBXGroup;
			children = (
				5BC80C391EE21DCB00834A91 /* TenCenturiesKitTests */,
			);
			path = Tests;
			sourceTree = "<group>";
		};
		5BC80C391EE21DCB00834A91 /* TenCenturiesKitTests */ = {
			isa = PBXGroup;
			children = (
				5BC80C3A1EE21DCB00834A91 /* Info.plist */,
				5BC80C3B1EE21DCB00834A91 /* TenCenturiesKitTests.swift */,
			);
			path = TenCenturiesKitTests;
			sourceTree = "<group>";
		};
		5BD692251ED48E9000A323C6 = {
			isa = PBXGroup;
			children = (
				5BC80BCF1EE21D9E00834A91 /* Package.swift */,
				5BFEB2571ED620FF00064A03 /* TenCenturiesKit.podspec */,
				5BD692D91ED49BF800A323C6 /* Configuration */,
				5BC80BD11EE21DC100834A91 /* Sources */,
				5BC80C381EE21DCB00834A91 /* Tests */,
				5BD692301ED48E9000A323C6 /* Products */,
			);
			sourceTree = "<group>";
		};
		5BD692301ED48E9000A323C6 /* Products */ = {
			isa = PBXGroup;
			children = (
				5BD6922F1ED48E9000A323C6 /* TenCenturiesKit.framework */,
				5BD692381ED48E9100A323C6 /* TenCenturiesKitTests.xctest */,
			);
			name = Products;
			sourceTree = "<group>";
		};
		5BD692D91ED49BF800A323C6 /* Configuration */ = {
			isa = PBXGroup;
			children = (
				5BD692DA1ED49BF800A323C6 /* TenCenturiesKit.xcconfig */,
			);
			path = Configuration;
			sourceTree = "<group>";
		};
/* End PBXGroup section */

/* Begin PBXHeadersBuildPhase section */
		5BD6922C1ED48E9000A323C6 /* Headers */ = {
			isa = PBXHeadersBuildPhase;
			buildActionMask = 2147483647;
			files = (
			);
			runOnlyForDeploymentPostprocessing = 0;
		};
/* End PBXHeadersBuildPhase section */

/* Begin PBXNativeTarget section */
		5BD6922E1ED48E9000A323C6 /* TenCenturiesKit */ = {
			isa = PBXNativeTarget;
			buildConfigurationList = 5BD692431ED48E9100A323C6 /* Build configuration list for PBXNativeTarget "TenCenturiesKit" */;
			buildPhases = (
				5BD6922A1ED48E9000A323C6 /* Sources */,
				5BD6922B1ED48E9000A323C6 /* Frameworks */,
				5BD6922C1ED48E9000A323C6 /* Headers */,
				5BD6922D1ED48E9000A323C6 /* Resources */,
			);
			buildRules = (
			);
			dependencies = (
			);
			name = TenCenturiesKit;
			productName = TenCenturiesKit;
			productReference = 5BD6922F1ED48E9000A323C6 /* TenCenturiesKit.framework */;
			productType = "com.apple.product-type.framework";
		};
		5BD692371ED48E9100A323C6 /* TenCenturiesKitTests */ = {
			isa = PBXNativeTarget;
			buildConfigurationList = 5BD692461ED48E9100A323C6 /* Build configuration list for PBXNativeTarget "TenCenturiesKitTests" */;
			buildPhases = (
				5BD692341ED48E9100A323C6 /* Sources */,
				5BD692351ED48E9100A323C6 /* Frameworks */,
				5BD692361ED48E9100A323C6 /* Resources */,
			);
			buildRules = (
			);
			dependencies = (
				5BD6923B1ED48E9100A323C6 /* PBXTargetDependency */,
			);
			name = TenCenturiesKitTests;
			productName = TenCenturiesKitTests;
			productReference = 5BD692381ED48E9100A323C6 /* TenCenturiesKitTests.xctest */;
			productType = "com.apple.product-type.bundle.unit-test";
		};
/* End PBXNativeTarget section */

/* Begin PBXProject section */
		5BD692261ED48E9000A323C6 /* Project object */ = {
			isa = PBXProject;
			attributes = {
				CLASSPREFIX = PNK;
				LastSwiftUpdateCheck = 0830;
				LastUpgradeCheck = 0830;
				ORGANIZATIONNAME = "Pilgrimage Software";
				TargetAttributes = {
					5BD6922E1ED48E9000A323C6 = {
						CreatedOnToolsVersion = 8.3.2;
						DevelopmentTeam = DQUTMGPMX5;
						LastSwiftMigration = 0830;
						ProvisioningStyle = Automatic;
					};
					5BD692371ED48E9100A323C6 = {
						CreatedOnToolsVersion = 8.3.2;
						DevelopmentTeam = DQUTMGPMX5;
						ProvisioningStyle = Automatic;
					};
				};
			};
			buildConfigurationList = 5BD692291ED48E9000A323C6 /* Build configuration list for PBXProject "TenCenturiesKit" */;
			compatibilityVersion = "Xcode 8.0";
			developmentRegion = English;
			hasScannedForEncodings = 0;
			knownRegions = (
				en,
			);
			mainGroup = 5BD692251ED48E9000A323C6;
			productRefGroup = 5BD692301ED48E9000A323C6 /* Products */;
			projectDirPath = "";
			projectRoot = "";
			targets = (
				5BD6922E1ED48E9000A323C6 /* TenCenturiesKit */,
				5BD692371ED48E9100A323C6 /* TenCenturiesKitTests */,
			);
		};
/* End PBXProject section */

/* Begin PBXResourcesBuildPhase section */
		5BD6922D1ED48E9000A323C6 /* Resources */ = {
			isa = PBXResourcesBuildPhase;
			buildActionMask = 2147483647;
			files = (
			);
			runOnlyForDeploymentPostprocessing = 0;
		};
		5BD692361ED48E9100A323C6 /* Resources */ = {
			isa = PBXResourcesBuildPhase;
			buildActionMask = 2147483647;
			files = (
				5BC80C3C1EE21DCB00834A91 /* Info.plist in Resources */,
			);
			runOnlyForDeploymentPostprocessing = 0;
		};
/* End PBXResourcesBuildPhase section */

/* Begin PBXSourcesBuildPhase section */
		5BD6922A1ED48E9000A323C6 /* Sources */ = {
			isa = PBXSourcesBuildPhase;
			buildActionMask = 2147483647;
			files = (
				5BC80C261EE21DC100834A91 /* Star.swift in Sources */,
				5BC80C2E1EE21DC100834A91 /* Request.swift in Sources */,
				5BC80C341EE21DC100834A91 /* Files.swift in Sources */,
				5BC80C1F1EE21DC100834A91 /* LogoutResponse.swift in Sources */,
				5BC80C271EE21DC100834A91 /* StatusResponse.swift in Sources */,
				5BC80C351EE21DC100834A91 /* Posts.swift in Sources */,
				5BC80C131EE21DC100834A91 /* AccessScope.swift in Sources */,
				5BC80C171EE21DC100834A91 /* Channel.swift in Sources */,
				5BC80C321EE21DC100834A91 /* Authentication.swift in Sources */,
				5BC80C1E1EE21DC100834A91 /* LoginResponse.swift in Sources */,
				5BC80C281EE21DC100834A91 /* Tag.swift in Sources */,
				5BC80C2B1EE21DC100834A91 /* UploadResponse.swift in Sources */,
				5BC80C141EE21DC100834A91 /* Account.swift in Sources */,
				5BC80C091EE21DC100834A91 /* DateUtilities.swift in Sources */,
				5BC80C161EE21DC100834A91 /* Bucket.swift in Sources */,
				5BC80C1C1EE21DC100834A91 /* Empty.swift in Sources */,
				5BC80C291EE21DC100834A91 /* Thread.swift in Sources */,
				5BC80C0D1EE21DC100834A91 /* URLRequest.swift in Sources */,
				5BC80C0B1EE21DC100834A91 /* Data.swift in Sources */,
				5BC80C121EE21DC100834A91 /* MediaAttachment.swift in Sources */,
				5BC80C361EE21DC100834A91 /* Serializable.swift in Sources */,
				5BC80C1D1EE21DC100834A91 /* File.swift in Sources */,
				5BC80C221EE21DC100834A91 /* Pin.swift in Sources */,
				5BC80C2C1EE21DC100834A91 /* Parameter.swift in Sources */,
				5BC80C0E1EE21DC100834A91 /* Functions.swift in Sources */,
				5BC80C2D1EE21DC100834A91 /* Payload.swift in Sources */,
				5BC80C1B1EE21DC100834A91 /* DeleteResponse.swift in Sources */,
				5BC80C201EE21DC100834A91 /* Marker.swift in Sources */,
				5BC80C2F1EE21DC100834A91 /* RequestParsers.swift in Sources */,
				5BC80C101EE21DC100834A91 /* Indirection.swift in Sources */,
				5BC80C2A1EE21DC100834A91 /* UploadError.swift in Sources */,
				5BC80C071EE21DC100834A91 /* APIClient.swift in Sources */,
				5BC80C331EE21DC100834A91 /* Blurbs.swift in Sources */,
				5BC80C181EE21DC100834A91 /* Client.swift in Sources */,
				5BC80C231EE21DC100834A91 /* Post.swift in Sources */,
				5BC80C191EE21DC100834A91 /* Configuration.swift in Sources */,
				5BC80C0F1EE21DC100834A91 /* HTTPMethod.swift in Sources */,
				5BC80C1A1EE21DC100834A91 /* Content.swift in Sources */,
				5BC80C0C1EE21DC100834A91 /* URLComponents.swift in Sources */,
				5BC80C0A1EE21DC100834A91 /* CharacterSet.swift in Sources */,
				5BC80C311EE21DC100834A91 /* Accounts.swift in Sources */,
				5BC80C301EE21DC100834A91 /* RequestRange.swift in Sources */,
				5BC80C151EE21DC100834A91 /* Annotation.swift in Sources */,
				5BC80C251EE21DC100834A91 /* RequestError.swift in Sources */,
				5BC80C241EE21DC100834A91 /* Privacy.swift in Sources */,
				5BC80C371EE21DC100834A91 /* URLHelper.swift in Sources */,
				5BC80C211EE21DC100834A91 /* Mention.swift in Sources */,
				5BC80C081EE21DC100834A91 /* ClientError.swift in Sources */,
			);
			runOnlyForDeploymentPostprocessing = 0;
		};
		5BD692341ED48E9100A323C6 /* Sources */ = {
			isa = PBXSourcesBuildPhase;
			buildActionMask = 2147483647;
			files = (
				5BC80C3D1EE21DCB00834A91 /* TenCenturiesKitTests.swift in Sources */,
			);
			runOnlyForDeploymentPostprocessing = 0;
		};
/* End PBXSourcesBuildPhase section */

/* Begin PBXTargetDependency section */
		5BD6923B1ED48E9100A323C6 /* PBXTargetDependency */ = {
			isa = PBXTargetDependency;
			target = 5BD6922E1ED48E9000A323C6 /* TenCenturiesKit */;
			targetProxy = 5BD6923A1ED48E9100A323C6 /* PBXContainerItemProxy */;
		};
/* End PBXTargetDependency section */

/* Begin XCBuildConfiguration section */
		5BD692411ED48E9100A323C6 /* Debug */ = {
			isa = XCBuildConfiguration;
			buildSettings = {
				ALWAYS_SEARCH_USER_PATHS = NO;
				CLANG_ANALYZER_NONNULL = YES;
				CLANG_ANALYZER_NUMBER_OBJECT_CONVERSION = YES_AGGRESSIVE;
				CLANG_CXX_LANGUAGE_STANDARD = "gnu++0x";
				CLANG_CXX_LIBRARY = "libc++";
				CLANG_ENABLE_MODULES = YES;
				CLANG_ENABLE_OBJC_ARC = YES;
				CLANG_WARN_BOOL_CONVERSION = YES;
				CLANG_WARN_CONSTANT_CONVERSION = YES;
				CLANG_WARN_DIRECT_OBJC_ISA_USAGE = YES_ERROR;
				CLANG_WARN_DOCUMENTATION_COMMENTS = YES;
				CLANG_WARN_EMPTY_BODY = YES;
				CLANG_WARN_ENUM_CONVERSION = YES;
				CLANG_WARN_INFINITE_RECURSION = YES;
				CLANG_WARN_INT_CONVERSION = YES;
				CLANG_WARN_OBJC_ROOT_CLASS = YES_ERROR;
				CLANG_WARN_SUSPICIOUS_MOVE = YES;
				CLANG_WARN_UNREACHABLE_CODE = YES;
				CLANG_WARN__DUPLICATE_METHOD_MATCH = YES;
				"CODE_SIGN_IDENTITY[sdk=iphoneos*]" = "iPhone Developer";
				COPY_PHASE_STRIP = NO;
				CURRENT_PROJECT_VERSION = 1;
				DEBUG_INFORMATION_FORMAT = dwarf;
				ENABLE_STRICT_OBJC_MSGSEND = YES;
				ENABLE_TESTABILITY = YES;
				GCC_C_LANGUAGE_STANDARD = gnu99;
				GCC_DYNAMIC_NO_PIC = NO;
				GCC_NO_COMMON_BLOCKS = YES;
				GCC_OPTIMIZATION_LEVEL = 0;
				GCC_PREPROCESSOR_DEFINITIONS = (
					"DEBUG=1",
					"$(inherited)",
				);
				GCC_WARN_64_TO_32_BIT_CONVERSION = YES;
				GCC_WARN_ABOUT_RETURN_TYPE = YES_ERROR;
				GCC_WARN_UNDECLARED_SELECTOR = YES;
				GCC_WARN_UNINITIALIZED_AUTOS = YES_AGGRESSIVE;
				GCC_WARN_UNUSED_FUNCTION = YES;
				GCC_WARN_UNUSED_VARIABLE = YES;
				IPHONEOS_DEPLOYMENT_TARGET = 10.2;
				MTL_ENABLE_DEBUG_INFO = YES;
				ONLY_ACTIVE_ARCH = YES;
				SDKROOT = iphoneos;
				SWIFT_ACTIVE_COMPILATION_CONDITIONS = DEBUG;
				SWIFT_OPTIMIZATION_LEVEL = "-Onone";
				TARGETED_DEVICE_FAMILY = "1,2";
				VERSIONING_SYSTEM = "apple-generic";
				VERSION_INFO_PREFIX = "";
			};
			name = Debug;
		};
		5BD692421ED48E9100A323C6 /* Release */ = {
			isa = XCBuildConfiguration;
			buildSettings = {
				ALWAYS_SEARCH_USER_PATHS = NO;
				CLANG_ANALYZER_NONNULL = YES;
				CLANG_ANALYZER_NUMBER_OBJECT_CONVERSION = YES_AGGRESSIVE;
				CLANG_CXX_LANGUAGE_STANDARD = "gnu++0x";
				CLANG_CXX_LIBRARY = "libc++";
				CLANG_ENABLE_MODULES = YES;
				CLANG_ENABLE_OBJC_ARC = YES;
				CLANG_WARN_BOOL_CONVERSION = YES;
				CLANG_WARN_CONSTANT_CONVERSION = YES;
				CLANG_WARN_DIRECT_OBJC_ISA_USAGE = YES_ERROR;
				CLANG_WARN_DOCUMENTATION_COMMENTS = YES;
				CLANG_WARN_EMPTY_BODY = YES;
				CLANG_WARN_ENUM_CONVERSION = YES;
				CLANG_WARN_INFINITE_RECURSION = YES;
				CLANG_WARN_INT_CONVERSION = YES;
				CLANG_WARN_OBJC_ROOT_CLASS = YES_ERROR;
				CLANG_WARN_SUSPICIOUS_MOVE = YES;
				CLANG_WARN_UNREACHABLE_CODE = YES;
				CLANG_WARN__DUPLICATE_METHOD_MATCH = YES;
				"CODE_SIGN_IDENTITY[sdk=iphoneos*]" = "iPhone Developer";
				COPY_PHASE_STRIP = NO;
				CURRENT_PROJECT_VERSION = 1;
				DEBUG_INFORMATION_FORMAT = "dwarf-with-dsym";
				ENABLE_NS_ASSERTIONS = NO;
				ENABLE_STRICT_OBJC_MSGSEND = YES;
				GCC_C_LANGUAGE_STANDARD = gnu99;
				GCC_NO_COMMON_BLOCKS = YES;
				GCC_WARN_64_TO_32_BIT_CONVERSION = YES;
				GCC_WARN_ABOUT_RETURN_TYPE = YES_ERROR;
				GCC_WARN_UNDECLARED_SELECTOR = YES;
				GCC_WARN_UNINITIALIZED_AUTOS = YES_AGGRESSIVE;
				GCC_WARN_UNUSED_FUNCTION = YES;
				GCC_WARN_UNUSED_VARIABLE = YES;
				IPHONEOS_DEPLOYMENT_TARGET = 10.2;
				MTL_ENABLE_DEBUG_INFO = NO;
				SDKROOT = iphoneos;
				SWIFT_OPTIMIZATION_LEVEL = "-Owholemodule";
				TARGETED_DEVICE_FAMILY = "1,2";
				VALIDATE_PRODUCT = YES;
				VERSIONING_SYSTEM = "apple-generic";
				VERSION_INFO_PREFIX = "";
			};
			name = Release;
		};
		5BD692441ED48E9100A323C6 /* Debug */ = {
			isa = XCBuildConfiguration;
			baseConfigurationReference = 5BD692DA1ED49BF800A323C6 /* TenCenturiesKit.xcconfig */;
			buildSettings = {
				CLANG_ENABLE_MODULES = YES;
				DEFINES_MODULE = YES;
				DYLIB_COMPATIBILITY_VERSION = 1;
				DYLIB_CURRENT_VERSION = 1;
				DYLIB_INSTALL_NAME_BASE = "@rpath";
				LD_RUNPATH_SEARCH_PATHS = "$(inherited) @executable_path/Frameworks @loader_path/Frameworks";
				SWIFT_VERSION = 3.0;
			};
			name = Debug;
		};
		5BD692451ED48E9100A323C6 /* Release */ = {
			isa = XCBuildConfiguration;
			baseConfigurationReference = 5BD692DA1ED49BF800A323C6 /* TenCenturiesKit.xcconfig */;
			buildSettings = {
				CLANG_ENABLE_MODULES = YES;
				DEFINES_MODULE = YES;
				DYLIB_COMPATIBILITY_VERSION = 1;
				DYLIB_CURRENT_VERSION = 1;
				DYLIB_INSTALL_NAME_BASE = "@rpath";
				LD_RUNPATH_SEARCH_PATHS = "$(inherited) @executable_path/Frameworks @loader_path/Frameworks";
				SWIFT_VERSION = 3.0;
			};
			name = Release;
		};
		5BD692471ED48E9100A323C6 /* Debug */ = {
			isa = XCBuildConfiguration;
			buildSettings = {
				ALWAYS_EMBED_SWIFT_STANDARD_LIBRARIES = YES;
				DEVELOPMENT_TEAM = DQUTMGPMX5;
				INFOPLIST_FILE = TenCenturiesKitTests/Info.plist;
				LD_RUNPATH_SEARCH_PATHS = "$(inherited) @executable_path/Frameworks @loader_path/Frameworks";
				PRODUCT_BUNDLE_IDENTIFIER = com.pilgrimagesoftware.lib.TenCenturiesKitTests;
				PRODUCT_NAME = "$(TARGET_NAME)";
				SWIFT_VERSION = 3.0;
			};
			name = Debug;
		};
		5BD692481ED48E9100A323C6 /* Release */ = {
			isa = XCBuildConfiguration;
			buildSettings = {
				ALWAYS_EMBED_SWIFT_STANDARD_LIBRARIES = YES;
				DEVELOPMENT_TEAM = DQUTMGPMX5;
				INFOPLIST_FILE = TenCenturiesKitTests/Info.plist;
				LD_RUNPATH_SEARCH_PATHS = "$(inherited) @executable_path/Frameworks @loader_path/Frameworks";
				PRODUCT_BUNDLE_IDENTIFIER = com.pilgrimagesoftware.lib.TenCenturiesKitTests;
				PRODUCT_NAME = "$(TARGET_NAME)";
				SWIFT_VERSION = 3.0;
			};
			name = Release;
		};
/* End XCBuildConfiguration section */

/* Begin XCConfigurationList section */
		5BD692291ED48E9000A323C6 /* Build configuration list for PBXProject "TenCenturiesKit" */ = {
			isa = XCConfigurationList;
			buildConfigurations = (
				5BD692411ED48E9100A323C6 /* Debug */,
				5BD692421ED48E9100A323C6 /* Release */,
			);
			defaultConfigurationIsVisible = 0;
			defaultConfigurationName = Release;
		};
		5BD692431ED48E9100A323C6 /* Build configuration list for PBXNativeTarget "TenCenturiesKit" */ = {
			isa = XCConfigurationList;
			buildConfigurations = (
				5BD692441ED48E9100A323C6 /* Debug */,
				5BD692451ED48E9100A323C6 /* Release */,
			);
			defaultConfigurationIsVisible = 0;
			defaultConfigurationName = Release;
		};
		5BD692461ED48E9100A323C6 /* Build configuration list for PBXNativeTarget "TenCenturiesKitTests" */ = {
			isa = XCConfigurationList;
			buildConfigurations = (
				5BD692471ED48E9100A323C6 /* Debug */,
				5BD692481ED48E9100A323C6 /* Release */,
			);
			defaultConfigurationIsVisible = 0;
			defaultConfigurationName = Release;
		};
/* End XCConfigurationList section */
	};
	rootObject = 5BD692261ED48E9000A323C6 /* Project object */;
}
